
Microsoft Visual Studio Solution File, Format Version 12.00
# Visual Studio Version 17
VisualStudioVersion = 17.7.34031.279
MinimumVisualStudioVersion = 10.0.40219.1
Project("{FAE04EC0-301F-11D3-BF4B-00C04F79EFBC}") = "Assistedproject17", "Assistedproject17.csproj", "{528728FB-5E13-4DBB-8179-CF2F06560888}"
EndProject
Global
	GlobalSection(SolutionConfigurationPlatforms) = preSolution
		Debug|Any CPU = Debug|Any CPU
		Release|Any CPU = Release|Any CPU
	EndGlobalSection
	GlobalSection(ProjectConfigurationPlatforms) = postSolution
		{528728FB-5E13-4DBB-8179-CF2F06560888}.Debug|Any CPU.ActiveCfg = Debug|Any CPU
		{528728FB-5E13-4DBB-8179-CF2F06560888}.Debug|Any CPU.Build.0 = Debug|Any CPU
		{528728FB-5E13-4DBB-8179-CF2F06560888}.Release|Any CPU.ActiveCfg = Release|Any CPU
		{528728FB-5E13-4DBB-8179-CF2F06560888}.Release|Any CPU.Build.0 = Release|Any CPU
	EndGlobalSection
	GlobalSection(SolutionProperties) = preSolution
		HideSolutionNode = FALSE
	EndGlobalSection
	GlobalSection(ExtensibilityGlobals) = postSolution
		SolutionGuid = {75D3C351-A9AF-4ED1-8D1C-CAFE47A30AFF}
	EndGlobalSection
EndGlobal
